version = 1
requires-python = ">=3.8.1, <4"
resolution-markers = [
    "python_full_version > '3.11' and sys_platform == 'win32'",
    "python_full_version == '3.11' and sys_platform == 'win32'",
    "python_full_version > '3.11' and sys_platform != 'win32'",
    "python_full_version == '3.11' and sys_platform != 'win32'",
    "python_full_version < '3.11' and sys_platform == 'win32'",
    "python_full_version < '3.11' and sys_platform != 'win32'",
]

[[package]]
name = "cfgv"
version = "3.4.0"
source = { registry = "https://pypi.org/simple" }
sdist = { url = "https://files.pythonhosted.org/packages/11/74/539e56497d9bd1d484fd863dd69cbbfa653cd2aa27abfe35653494d85e94/cfgv-3.4.0.tar.gz", hash = "sha256:e52591d4c5f5dead8e0f673fb16db7949d2cfb3f7da4582893288f0ded8fe560", size = 7114 }
wheels = [
    { url = "https://files.pythonhosted.org/packages/c5/55/51844dd50c4fc7a33b653bfaba4c2456f06955289ca770a5dbd5fd267374/cfgv-3.4.0-py2.py3-none-any.whl", hash = "sha256:b7265b1f29fd3316bfcd2b330d63d024f2bfd8bcb8b0272f8e19a504856c48f9", size = 7249 },
]

[[package]]
name = "colorama"
version = "0.4.6"
source = { registry = "https://pypi.org/simple" }
sdist = { url = "https://files.pythonhosted.org/packages/d8/53/6f443c9a4a8358a93a6792e2acffb9d9d5cb0a5cfd8802644b7b1c9a02e4/colorama-0.4.6.tar.gz", hash = "sha256:08695f5cb7ed6e0531a20572697297273c47b8cae5a63ffc6d6ed5c201be6e44", size = 27697 }
wheels = [
    { url = "https://files.pythonhosted.org/packages/d1/d6/3965ed04c63042e047cb6a3e6ed1a63a35087b6a609aa3a15ed8ac56c221/colorama-0.4.6-py2.py3-none-any.whl", hash = "sha256:4f1d9991f5acc0ca119f9d443620b77f9d6b33703e51011c16baf57afb285fc6", size = 25335 },
]

[[package]]
name = "coverage"
version = "7.6.0"
source = { registry = "https://pypi.org/simple" }
sdist = { url = "https://files.pythonhosted.org/packages/64/c8/a94ce9e17756aed521085ae716d627623374d34f92c1daf7162272ecb030/coverage-7.6.0.tar.gz", hash = "sha256:289cc803fa1dc901f84701ac10c9ee873619320f2f9aff38794db4a4a0268d51", size = 797590 }
wheels = [
    { url = "https://files.pythonhosted.org/packages/d6/f5/8cd12ebaf9b9364bef89928d9023cd053e2af3cb34d40bddd847f775230c/coverage-7.6.0-cp310-cp310-macosx_10_9_x86_64.whl", hash = "sha256:dff044f661f59dace805eedb4a7404c573b6ff0cdba4a524141bc63d7be5c7fd", size = 205793 },
    { url = "https://files.pythonhosted.org/packages/fc/0f/36d4b27a0f937fd0ab4928dd8f87880f0d6ee9ae7201cbfd97e1ba4e207c/coverage-7.6.0-cp310-cp310-macosx_11_0_arm64.whl", hash = "sha256:a8659fd33ee9e6ca03950cfdcdf271d645cf681609153f218826dd9805ab585c", size = 206227 },
    { url = "https://files.pythonhosted.org/packages/e5/4a/92604874c998edb4a47f5e6b84607c4f80b76d394c6afa3d6f2e2cde1fe2/coverage-7.6.0-cp310-cp310-manylinux_2_17_aarch64.manylinux2014_aarch64.whl", hash = "sha256:7792f0ab20df8071d669d929c75c97fecfa6bcab82c10ee4adb91c7a54055463", size = 234759 },
    { url = "https://files.pythonhosted.org/packages/b9/9b/cd320e05175ee22eac05a6e73f67de167841722edb61e617238de20126fd/coverage-7.6.0-cp310-cp310-manylinux_2_5_i686.manylinux1_i686.manylinux_2_17_i686.manylinux2014_i686.whl", hash = "sha256:d4b3cd1ca7cd73d229487fa5caca9e4bc1f0bca96526b922d61053ea751fe791", size = 232714 },
    { url = "https://files.pythonhosted.org/packages/b1/7b/5ddf82c7bac217d2343efbd36657a3d848a8670f983767ffe2d3212b76bc/coverage-7.6.0-cp310-cp310-manylinux_2_5_x86_64.manylinux1_x86_64.manylinux_2_17_x86_64.manylinux2014_x86_64.whl", hash = "sha256:e7e128f85c0b419907d1f38e616c4f1e9f1d1b37a7949f44df9a73d5da5cd53c", size = 233841 },
    { url = "https://files.pythonhosted.org/packages/f9/f6/538947ef46e671dd1110ce2f2ef0764441d4feecbfffc1b03f79d7ef1c92/coverage-7.6.0-cp310-cp310-musllinux_1_2_aarch64.whl", hash = "sha256:a94925102c89247530ae1dab7dc02c690942566f22e189cbd53579b0693c0783", size = 232925 },
    { url = "https://files.pythonhosted.org/packages/91/a9/077c9ab033bb3e04dee9cf6c93755a4e891300cfb410bdee286fd194392c/coverage-7.6.0-cp310-cp310-musllinux_1_2_i686.whl", hash = "sha256:dcd070b5b585b50e6617e8972f3fbbee786afca71b1936ac06257f7e178f00f6", size = 231437 },
    { url = "https://files.pythonhosted.org/packages/db/41/2262e64043db1a685f7d4d27eb0fa90c77ce777f76c623a8cdadffdde375/coverage-7.6.0-cp310-cp310-musllinux_1_2_x86_64.whl", hash = "sha256:d50a252b23b9b4dfeefc1f663c568a221092cbaded20a05a11665d0dbec9b8fb", size = 232527 },
    { url = "https://files.pythonhosted.org/packages/34/36/714d2f31a822e3ea52e6a3dbf1e07690298cd420bc207f9cb178b371a2d7/coverage-7.6.0-cp310-cp310-win32.whl", hash = "sha256:0e7b27d04131c46e6894f23a4ae186a6a2207209a05df5b6ad4caee6d54a222c", size = 208425 },
    { url = "https://files.pythonhosted.org/packages/6a/4b/167d33c0b3c5221a4e76d0267ff37df40aa57ed75dd98a11cee43d043c2a/coverage-7.6.0-cp310-cp310-win_amd64.whl", hash = "sha256:54dece71673b3187c86226c3ca793c5f891f9fc3d8aa183f2e3653da18566169", size = 209216 },
    { url = "https://files.pythonhosted.org/packages/1b/03/a5140e4f336f0b71023435d7e1564da8e2ff5552e91dfd3ec26424b72c47/coverage-7.6.0-cp311-cp311-macosx_10_9_x86_64.whl", hash = "sha256:c7b525ab52ce18c57ae232ba6f7010297a87ced82a2383b1afd238849c1ff933", size = 205898 },
    { url = "https://files.pythonhosted.org/packages/a2/d3/1f839af6d6cbaee2c50a0bf2d51964b56272e8b94a6504b6ab7c7ecd66c9/coverage-7.6.0-cp311-cp311-macosx_11_0_arm64.whl", hash = "sha256:4bea27c4269234e06f621f3fac3925f56ff34bc14521484b8f66a580aacc2e7d", size = 206345 },
    { url = "https://files.pythonhosted.org/packages/f9/cf/77b3fb7e132cbae1f112458399157f67f69d5264a9e5a6eae3b91e580b79/coverage-7.6.0-cp311-cp311-manylinux_2_17_aarch64.manylinux2014_aarch64.whl", hash = "sha256:ed8d1d1821ba5fc88d4a4f45387b65de52382fa3ef1f0115a4f7a20cdfab0e94", size = 238389 },
    { url = "https://files.pythonhosted.org/packages/a8/aa/da317fae6b6057428c72f1023a61d57a79a049f03bc4cbe6ffb7cb61e698/coverage-7.6.0-cp311-cp311-manylinux_2_5_i686.manylinux1_i686.manylinux_2_17_i686.manylinux2014_i686.whl", hash = "sha256:01c322ef2bbe15057bc4bf132b525b7e3f7206f071799eb8aa6ad1940bcf5fb1", size = 235967 },
    { url = "https://files.pythonhosted.org/packages/39/33/da23d8bfdfdc5c221d2c9a2f169f63a4e04b9a0327c1c67777157155e4d6/coverage-7.6.0-cp311-cp311-manylinux_2_5_x86_64.manylinux1_x86_64.manylinux_2_17_x86_64.manylinux2014_x86_64.whl", hash = "sha256:03cafe82c1b32b770a29fd6de923625ccac3185a54a5e66606da26d105f37dac", size = 237659 },
    { url = "https://files.pythonhosted.org/packages/4d/d7/acea77ab27215da6afff2d5228a64cc4af7db83c481c7b14f47f34cad100/coverage-7.6.0-cp311-cp311-musllinux_1_2_aarch64.whl", hash = "sha256:0d1b923fc4a40c5832be4f35a5dab0e5ff89cddf83bb4174499e02ea089daf57", size = 236585 },
    { url = "https://files.pythonhosted.org/packages/e5/b5/fc782807b3e984d0bb0472da8c7aa820ed2827ed95b9fc95c63ccb88f1f9/coverage-7.6.0-cp311-cp311-musllinux_1_2_i686.whl", hash = "sha256:4b03741e70fb811d1a9a1d75355cf391f274ed85847f4b78e35459899f57af4d", size = 235238 },
    { url = "https://files.pythonhosted.org/packages/80/88/649d1047bfcbf51227726bfa47073e3b5b94310acbd66f6457c274f74391/coverage-7.6.0-cp311-cp311-musllinux_1_2_x86_64.whl", hash = "sha256:a73d18625f6a8a1cbb11eadc1d03929f9510f4131879288e3f7922097a429f63", size = 236022 },
    { url = "https://files.pythonhosted.org/packages/91/41/eeba3fca0f4b6820184572c50d911959f5d108ec5f8e55fd30f0981d5209/coverage-7.6.0-cp311-cp311-win32.whl", hash = "sha256:65fa405b837060db569a61ec368b74688f429b32fa47a8929a7a2f9b47183713", size = 208431 },
    { url = "https://files.pythonhosted.org/packages/54/bb/9f2d3303441e87d27221fc9de4de63994a9570c899726a4f10ac16f79824/coverage-7.6.0-cp311-cp311-win_amd64.whl", hash = "sha256:6379688fb4cfa921ae349c76eb1a9ab26b65f32b03d46bb0eed841fd4cb6afb1", size = 209314 },
    { url = "https://files.pythonhosted.org/packages/57/3a/287ea47cca84c92528b5f9b34b971f845b637d37c3eead9f10aede3531da/coverage-7.6.0-cp312-cp312-macosx_10_9_x86_64.whl", hash = "sha256:f7db0b6ae1f96ae41afe626095149ecd1b212b424626175a6633c2999eaad45b", size = 206079 },
    { url = "https://files.pythonhosted.org/packages/7b/14/3432bbdabeaa79de25421d24161ab472578ffe73fc56b0aa9411bea66335/coverage-7.6.0-cp312-cp312-macosx_11_0_arm64.whl", hash = "sha256:bbdf9a72403110a3bdae77948b8011f644571311c2fb35ee15f0f10a8fc082e8", size = 206320 },
    { url = "https://files.pythonhosted.org/packages/0e/2a/f62d42a48449b26cfdf940661cf28bccc27e199dc0e956c738a6b1c942af/coverage-7.6.0-cp312-cp312-manylinux_2_17_aarch64.manylinux2014_aarch64.whl", hash = "sha256:9cc44bf0315268e253bf563f3560e6c004efe38f76db03a1558274a6e04bf5d5", size = 239454 },
    { url = "https://files.pythonhosted.org/packages/0c/a2/d7c0988df525298b2c19c482cec27f76bbeba6c3ed7f85d9f79d8996e509/coverage-7.6.0-cp312-cp312-manylinux_2_5_i686.manylinux1_i686.manylinux_2_17_i686.manylinux2014_i686.whl", hash = "sha256:da8549d17489cd52f85a9829d0e1d91059359b3c54a26f28bec2c5d369524807", size = 236478 },
    { url = "https://files.pythonhosted.org/packages/f2/aa/0419103c357bfd95a65d7b2e2249f9f1d79194241c5e87819cd81d36b96c/coverage-7.6.0-cp312-cp312-manylinux_2_5_x86_64.manylinux1_x86_64.manylinux_2_17_x86_64.manylinux2014_x86_64.whl", hash = "sha256:0086cd4fc71b7d485ac93ca4239c8f75732c2ae3ba83f6be1c9be59d9e2c6382", size = 238563 },
    { url = "https://files.pythonhosted.org/packages/2a/ce/375f8fbbabc51e3dfce91355460912c930a4e241ffbafc1f3a35f43ac90b/coverage-7.6.0-cp312-cp312-musllinux_1_2_aarch64.whl", hash = "sha256:1fad32ee9b27350687035cb5fdf9145bc9cf0a094a9577d43e909948ebcfa27b", size = 238039 },
    { url = "https://files.pythonhosted.org/packages/fd/ca/5eb0004e0bf66db1d4a18c67e4aece76ff409b061d85f31843c28c9a531c/coverage-7.6.0-cp312-cp312-musllinux_1_2_i686.whl", hash = "sha256:044a0985a4f25b335882b0966625270a8d9db3d3409ddc49a4eb00b0ef5e8cee", size = 236357 },
    { url = "https://files.pythonhosted.org/packages/64/ea/848f064727fe172e80f8a7abc77664c593b6bece14d5acab7d7087f1244e/coverage-7.6.0-cp312-cp312-musllinux_1_2_x86_64.whl", hash = "sha256:76d5f82213aa78098b9b964ea89de4617e70e0d43e97900c2778a50856dac605", size = 238003 },
    { url = "https://files.pythonhosted.org/packages/c2/b1/8f54a56789aecc930e227fc5900d18628d6efae4a8ad24981d58fc14b1e3/coverage-7.6.0-cp312-cp312-win32.whl", hash = "sha256:3c59105f8d58ce500f348c5b56163a4113a440dad6daa2294b5052a10db866da", size = 208686 },
    { url = "https://files.pythonhosted.org/packages/cb/db/242c44433c5d342c8bf83864131e56af8c1c1ea5645a825b1800c19ad9bf/coverage-7.6.0-cp312-cp312-win_amd64.whl", hash = "sha256:ca5d79cfdae420a1d52bf177de4bc2289c321d6c961ae321503b2ca59c17ae67", size = 209455 },
    { url = "https://files.pythonhosted.org/packages/4f/04/c4cf62adfd21ecd6104b1f5a82ed2d945e5da6c55f45e6a75ef610cd8d00/coverage-7.6.0-cp38-cp38-macosx_10_9_x86_64.whl", hash = "sha256:d39bd10f0ae453554798b125d2f39884290c480f56e8a02ba7a6ed552005243b", size = 205779 },
    { url = "https://files.pythonhosted.org/packages/dc/79/df2c1a652ff472ac53aa0147d42d7b3f12a513d9e97883c187f862b44148/coverage-7.6.0-cp38-cp38-macosx_11_0_arm64.whl", hash = "sha256:beb08e8508e53a568811016e59f3234d29c2583f6b6e28572f0954a6b4f7e03d", size = 206200 },
    { url = "https://files.pythonhosted.org/packages/a7/60/47f81e7c2ff127ea02019dbecc21bd72cbfc2ae6611ad96aea380bd857c1/coverage-7.6.0-cp38-cp38-manylinux_2_17_aarch64.manylinux2014_aarch64.whl", hash = "sha256:b2e16f4cd2bc4d88ba30ca2d3bbf2f21f00f382cf4e1ce3b1ddc96c634bc48ca", size = 235672 },
    { url = "https://files.pythonhosted.org/packages/a3/f8/b16f61f5370b63f0a66d9ae7ecfde5baa11852549432253ff2c05dbd2ebd/coverage-7.6.0-cp38-cp38-manylinux_2_5_i686.manylinux1_i686.manylinux_2_17_i686.manylinux2014_i686.whl", hash = "sha256:6616d1c9bf1e3faea78711ee42a8b972367d82ceae233ec0ac61cc7fec09fa6b", size = 233556 },
    { url = "https://files.pythonhosted.org/packages/fe/86/dd0bc2bbfec8c6d420b4040aa1c7c9fd35f60a398f9a20517783243a10dd/coverage-7.6.0-cp38-cp38-manylinux_2_5_x86_64.manylinux1_x86_64.manylinux_2_17_x86_64.manylinux2014_x86_64.whl", hash = "sha256:ad4567d6c334c46046d1c4c20024de2a1c3abc626817ae21ae3da600f5779b44", size = 235004 },
    { url = "https://files.pythonhosted.org/packages/aa/68/bbf243320c0c4349cf4c02e7c96c0d8607403b0ea389022c67cef23aaa57/coverage-7.6.0-cp38-cp38-musllinux_1_2_aarch64.whl", hash = "sha256:d17c6a415d68cfe1091d3296ba5749d3d8696e42c37fca5d4860c5bf7b729f03", size = 234262 },
    { url = "https://files.pythonhosted.org/packages/87/7c/8e0f3d3566f3b858d1b5b2bac295d5959de03377932faa411d534738fe04/coverage-7.6.0-cp38-cp38-musllinux_1_2_i686.whl", hash = "sha256:9146579352d7b5f6412735d0f203bbd8d00113a680b66565e205bc605ef81bc6", size = 232922 },
    { url = "https://files.pythonhosted.org/packages/69/6d/fcf2591aa8c1e57b38d0b61adee303232068733351478117b7d68a0817a6/coverage-7.6.0-cp38-cp38-musllinux_1_2_x86_64.whl", hash = "sha256:cdab02a0a941af190df8782aafc591ef3ad08824f97850b015c8c6a8b3877b0b", size = 233766 },
    { url = "https://files.pythonhosted.org/packages/a8/a0/5625fadcba0ad2ec9bc56b64cb7bd4c841d4ecb31e01147d5c4e9dfa7a40/coverage-7.6.0-cp38-cp38-win32.whl", hash = "sha256:df423f351b162a702c053d5dddc0fc0ef9a9e27ea3f449781ace5f906b664428", size = 208381 },
    { url = "https://files.pythonhosted.org/packages/5d/f4/04e66966ed63a8d5df537de416658622d1c7a5e057183ebbac327fc6b881/coverage-7.6.0-cp38-cp38-win_amd64.whl", hash = "sha256:f2501d60d7497fd55e391f423f965bbe9e650e9ffc3c627d5f0ac516026000b8", size = 209223 },
    { url = "https://files.pythonhosted.org/packages/42/83/812e55211d64eebe69e36d2c3561d0e2873e7efcd7ddbc510883510dd0f9/coverage-7.6.0-cp39-cp39-macosx_10_9_x86_64.whl", hash = "sha256:7221f9ac9dad9492cecab6f676b3eaf9185141539d5c9689d13fd6b0d7de840c", size = 205788 },
    { url = "https://files.pythonhosted.org/packages/ea/9e/5221ceb428d6e0189ed6039fec8400a788f77c6ad41b2db9f0ce48ec317c/coverage-7.6.0-cp39-cp39-macosx_11_0_arm64.whl", hash = "sha256:ddaaa91bfc4477d2871442bbf30a125e8fe6b05da8a0015507bfbf4718228ab2", size = 206225 },
    { url = "https://files.pythonhosted.org/packages/41/35/915fa75c39c53b45f19d06bedb199d06d27728a81a2aff073efd9f6ddeef/coverage-7.6.0-cp39-cp39-manylinux_2_17_aarch64.manylinux2014_aarch64.whl", hash = "sha256:c4cbe651f3904e28f3a55d6f371203049034b4ddbce65a54527a3f189ca3b390", size = 234365 },
    { url = "https://files.pythonhosted.org/packages/b4/47/7a36b59a530c5eb4f62f4d92f0f379a7347470ecde933cd1b1f4ccddcb7f/coverage-7.6.0-cp39-cp39-manylinux_2_5_i686.manylinux1_i686.manylinux_2_17_i686.manylinux2014_i686.whl", hash = "sha256:831b476d79408ab6ccfadaaf199906c833f02fdb32c9ab907b1d4aa0713cfa3b", size = 232349 },
    { url = "https://files.pythonhosted.org/packages/22/ee/94cb9454a4573c40e20075823f8e6ce8494cd0995a8f8e8ab20d9d4a9f62/coverage-7.6.0-cp39-cp39-manylinux_2_5_x86_64.manylinux1_x86_64.manylinux_2_17_x86_64.manylinux2014_x86_64.whl", hash = "sha256:46c3d091059ad0b9c59d1034de74a7f36dcfa7f6d3bde782c49deb42438f2450", size = 233428 },
    { url = "https://files.pythonhosted.org/packages/9c/a6/d99a2ff9e621f9711758cb3a0f8e27200bc818a40c51212e6536255ac6be/coverage-7.6.0-cp39-cp39-musllinux_1_2_aarch64.whl", hash = "sha256:4d5fae0a22dc86259dee66f2cc6c1d3e490c4a1214d7daa2a93d07491c5c04b6", size = 232573 },
    { url = "https://files.pythonhosted.org/packages/47/c5/48cdad28cd0ad5c9650e1ca1fe708816573dfa2506ba9932f3d734aea25d/coverage-7.6.0-cp39-cp39-musllinux_1_2_i686.whl", hash = "sha256:07ed352205574aad067482e53dd606926afebcb5590653121063fbf4e2175166", size = 231072 },
    { url = "https://files.pythonhosted.org/packages/b1/62/34566fa66682bdea5783a7f83043f69f9c2ba8e912d275b4b76e7142702c/coverage-7.6.0-cp39-cp39-musllinux_1_2_x86_64.whl", hash = "sha256:49c76cdfa13015c4560702574bad67f0e15ca5a2872c6a125f6327ead2b731dd", size = 232054 },
    { url = "https://files.pythonhosted.org/packages/af/c8/60c0b10a867081c8dd5faa457eddd8b955b03d2a74ad2b0ad4491afd93e9/coverage-7.6.0-cp39-cp39-win32.whl", hash = "sha256:482855914928c8175735a2a59c8dc5806cf7d8f032e4820d52e845d1f731dca2", size = 208440 },
    { url = "https://files.pythonhosted.org/packages/c9/6e/4008f7f8d8559863c16c88f50201db531a021438d0898aa4711686639316/coverage-7.6.0-cp39-cp39-win_amd64.whl", hash = "sha256:543ef9179bc55edfd895154a51792b01c017c87af0ebaae092720152e19e42ca", size = 209241 },
    { url = "https://files.pythonhosted.org/packages/ea/69/2b79b6b37c57cd05c85b76ec5ceabf7e091ab0f4986dfefaddbb468881c0/coverage-7.6.0-pp38.pp39.pp310-none-any.whl", hash = "sha256:6fe885135c8a479d3e37a7aae61cbd3a0fb2deccb4dda3c25f92a49189f766d6", size = 198032 },
]

[package.optional-dependencies]
toml = [
    { name = "tomli", marker = "python_full_version <= '3.11'" },
]

[[package]]
name = "distlib"
version = "0.3.8"
source = { registry = "https://pypi.org/simple" }
sdist = { url = "https://files.pythonhosted.org/packages/c4/91/e2df406fb4efacdf46871c25cde65d3c6ee5e173b7e5a4547a47bae91920/distlib-0.3.8.tar.gz", hash = "sha256:1530ea13e350031b6312d8580ddb6b27a104275a31106523b8f123787f494f64", size = 609931 }
wheels = [
    { url = "https://files.pythonhosted.org/packages/8e/41/9307e4f5f9976bc8b7fea0b66367734e8faf3ec84bc0d412d8cfabbb66cd/distlib-0.3.8-py2.py3-none-any.whl", hash = "sha256:034db59a0b96f8ca18035f36290806a9a6e6bd9d1ff91e45a7f172eb17e51784", size = 468850 },
]

[[package]]
name = "exceptiongroup"
version = "1.2.2"
source = { registry = "https://pypi.org/simple" }
sdist = { url = "https://files.pythonhosted.org/packages/09/35/2495c4ac46b980e4ca1f6ad6db102322ef3ad2410b79fdde159a4b0f3b92/exceptiongroup-1.2.2.tar.gz", hash = "sha256:47c2edf7c6738fafb49fd34290706d1a1a2f4d1c6df275526b62cbb4aa5393cc", size = 28883 }
wheels = [
    { url = "https://files.pythonhosted.org/packages/02/cc/b7e31358aac6ed1ef2bb790a9746ac2c69bcb3c8588b41616914eb106eaf/exceptiongroup-1.2.2-py3-none-any.whl", hash = "sha256:3111b9d131c238bec2f8f516e123e14ba243563fb135d3fe885990585aa7795b", size = 16453 },
]

[[package]]
name = "filelock"
version = "3.15.4"
source = { registry = "https://pypi.org/simple" }
sdist = { url = "https://files.pythonhosted.org/packages/08/dd/49e06f09b6645156550fb9aee9cc1e59aba7efbc972d665a1bd6ae0435d4/filelock-3.15.4.tar.gz", hash = "sha256:2207938cbc1844345cb01a5a95524dae30f0ce089eba5b00378295a17e3e90cb", size = 18007 }
wheels = [
    { url = "https://files.pythonhosted.org/packages/ae/f0/48285f0262fe47103a4a45972ed2f9b93e4c80b8fd609fa98da78b2a5706/filelock-3.15.4-py3-none-any.whl", hash = "sha256:6ca1fffae96225dab4c6eaf1c4f4f28cd2568d3ec2a44e15a08520504de468e7", size = 16159 },
]

[[package]]
name = "flake8"
version = "7.1.1"
source = { registry = "https://pypi.org/simple" }
dependencies = [
    { name = "mccabe" },
    { name = "pycodestyle" },
    { name = "pyflakes" },
]
sdist = { url = "https://files.pythonhosted.org/packages/37/72/e8d66150c4fcace3c0a450466aa3480506ba2cae7b61e100a2613afc3907/flake8-7.1.1.tar.gz", hash = "sha256:049d058491e228e03e67b390f311bbf88fce2dbaa8fa673e7aea87b7198b8d38", size = 48054 }
wheels = [
    { url = "https://files.pythonhosted.org/packages/d9/42/65004373ac4617464f35ed15931b30d764f53cdd30cc78d5aea349c8c050/flake8-7.1.1-py2.py3-none-any.whl", hash = "sha256:597477df7860daa5aa0fdd84bf5208a043ab96b8e96ab708770ae0364dd03213", size = 57731 },
]

[[package]]
name = "flake8-import-guard"
version = "1.0.0"
source = { editable = "." }
dependencies = [
    { name = "flake8" },
    { name = "gitpython" },
    { name = "python-dotenv" },
    { name = "toml" },
]

[package.dev-dependencies]
dev = [
    { name = "pre-commit" },
    { name = "pytest" },
    { name = "pytest-cov" },
    { name = "ruff" },
]

[package.metadata]
requires-dist = [
    { name = "flake8", specifier = ">=7.1.0,<8" },
    { name = "gitpython", specifier = ">=3.1.44,<4" },
    { name = "python-dotenv", specifier = ">=1.0.1,<2" },
    { name = "toml", specifier = ">=0.10.2,<0.11" },
]

[package.metadata.requires-dev]
dev = [
    { name = "pre-commit", specifier = ">=3.5.0,<4.1.0" },
    { name = "pytest", specifier = ">=8.3.4,<9" },
    { name = "pytest-cov", specifier = ">=5.0.0,<6.0.0" },
    { name = "ruff", specifier = ">=0.9.5,<0.10" },
]

[[package]]
name = "gitdb"
version = "4.0.11"
source = { registry = "https://pypi.org/simple" }
dependencies = [
    { name = "smmap" },
]
sdist = { url = "https://files.pythonhosted.org/packages/19/0d/bbb5b5ee188dec84647a4664f3e11b06ade2bde568dbd489d9d64adef8ed/gitdb-4.0.11.tar.gz", hash = "sha256:bf5421126136d6d0af55bc1e7c1af1c397a34f5b7bd79e776cd3e89785c2b04b", size = 394469 }
wheels = [
    { url = "https://files.pythonhosted.org/packages/fd/5b/8f0c4a5bb9fd491c277c21eff7ccae71b47d43c4446c9d0c6cff2fe8c2c4/gitdb-4.0.11-py3-none-any.whl", hash = "sha256:81a3407ddd2ee8df444cbacea00e2d038e40150acfa3001696fe0dcf1d3adfa4", size = 62721 },
]

[[package]]
name = "gitpython"
version = "3.1.44"
source = { registry = "https://pypi.org/simple" }
dependencies = [
    { name = "gitdb" },
]
sdist = { url = "https://files.pythonhosted.org/packages/c0/89/37df0b71473153574a5cdef8f242de422a0f5d26d7a9e231e6f169b4ad14/gitpython-3.1.44.tar.gz", hash = "sha256:c87e30b26253bf5418b01b0660f818967f3c503193838337fe5e573331249269", size = 214196 }
wheels = [
    { url = "https://files.pythonhosted.org/packages/1d/9a/4114a9057db2f1462d5c8f8390ab7383925fe1ac012eaa42402ad65c2963/GitPython-3.1.44-py3-none-any.whl", hash = "sha256:9e0e10cda9bed1ee64bc9a6de50e7e38a9c9943241cd7f585f6df3ed28011110", size = 207599 },
]

[[package]]
name = "identify"
version = "2.6.0"
source = { registry = "https://pypi.org/simple" }
sdist = { url = "https://files.pythonhosted.org/packages/32/f4/8e8f7db397a7ce20fbdeac5f25adaf567fc362472432938d25556008e03a/identify-2.6.0.tar.gz", hash = "sha256:cb171c685bdc31bcc4c1734698736a7d5b6c8bf2e0c15117f4d469c8640ae5cf", size = 99116 }
wheels = [
    { url = "https://files.pythonhosted.org/packages/24/6c/a4f39abe7f19600b74528d0c717b52fff0b300bb0161081510d39c53cb00/identify-2.6.0-py2.py3-none-any.whl", hash = "sha256:e79ae4406387a9d300332b5fd366d8994f1525e8414984e1a59e058b2eda2dd0", size = 98962 },
]

[[package]]
name = "iniconfig"
version = "2.0.0"
source = { registry = "https://pypi.org/simple" }
sdist = { url = "https://files.pythonhosted.org/packages/d7/4b/cbd8e699e64a6f16ca3a8220661b5f83792b3017d0f79807cb8708d33913/iniconfig-2.0.0.tar.gz", hash = "sha256:2d91e135bf72d31a410b17c16da610a82cb55f6b0477d1a902134b24a455b8b3", size = 4646 }
wheels = [
    { url = "https://files.pythonhosted.org/packages/ef/a6/62565a6e1cf69e10f5727360368e451d4b7f58beeac6173dc9db836a5b46/iniconfig-2.0.0-py3-none-any.whl", hash = "sha256:b6a85871a79d2e3b22d2d1b94ac2824226a63c6b741c88f7ae975f18b6778374", size = 5892 },
]

[[package]]
name = "mccabe"
version = "0.7.0"
source = { registry = "https://pypi.org/simple" }
sdist = { url = "https://files.pythonhosted.org/packages/e7/ff/0ffefdcac38932a54d2b5eed4e0ba8a408f215002cd178ad1df0f2806ff8/mccabe-0.7.0.tar.gz", hash = "sha256:348e0240c33b60bbdf4e523192ef919f28cb2c3d7d5c7794f74009290f236325", size = 9658 }
wheels = [
    { url = "https://files.pythonhosted.org/packages/27/1a/1f68f9ba0c207934b35b86a8ca3aad8395a3d6dd7921c0686e23853ff5a9/mccabe-0.7.0-py2.py3-none-any.whl", hash = "sha256:6c2d30ab6be0e4a46919781807b4f0d834ebdd6c6e3dca0bda5a15f863427b6e", size = 7350 },
]

[[package]]
name = "nodeenv"
version = "1.9.1"
source = { registry = "https://pypi.org/simple" }
sdist = { url = "https://files.pythonhosted.org/packages/43/16/fc88b08840de0e0a72a2f9d8c6bae36be573e475a6326ae854bcc549fc45/nodeenv-1.9.1.tar.gz", hash = "sha256:6ec12890a2dab7946721edbfbcd91f3319c6ccc9aec47be7c7e6b7011ee6645f", size = 47437 }
wheels = [
    { url = "https://files.pythonhosted.org/packages/d2/1d/1b658dbd2b9fa9c4c9f32accbfc0205d532c8c6194dc0f2a4c0428e7128a/nodeenv-1.9.1-py2.py3-none-any.whl", hash = "sha256:ba11c9782d29c27c70ffbdda2d7415098754709be8a7056d79a737cd901155c9", size = 22314 },
]

[[package]]
name = "packaging"
version = "24.1"
source = { registry = "https://pypi.org/simple" }
sdist = { url = "https://files.pythonhosted.org/packages/51/65/50db4dda066951078f0a96cf12f4b9ada6e4b811516bf0262c0f4f7064d4/packaging-24.1.tar.gz", hash = "sha256:026ed72c8ed3fcce5bf8950572258698927fd1dbda10a5e981cdf0ac37f4f002", size = 148788 }
wheels = [
    { url = "https://files.pythonhosted.org/packages/08/aa/cc0199a5f0ad350994d660967a8efb233fe0416e4639146c089643407ce6/packaging-24.1-py3-none-any.whl", hash = "sha256:5b8f2217dbdbd2f7f384c41c628544e6d52f2d0f53c6d0c3ea61aa5d1d7ff124", size = 53985 },
]

[[package]]
name = "platformdirs"
version = "4.2.2"
source = { registry = "https://pypi.org/simple" }
sdist = { url = "https://files.pythonhosted.org/packages/f5/52/0763d1d976d5c262df53ddda8d8d4719eedf9594d046f117c25a27261a19/platformdirs-4.2.2.tar.gz", hash = "sha256:38b7b51f512eed9e84a22788b4bce1de17c0adb134d6becb09836e37d8654cd3", size = 20916 }
wheels = [
    { url = "https://files.pythonhosted.org/packages/68/13/2aa1f0e1364feb2c9ef45302f387ac0bd81484e9c9a4c5688a322fbdfd08/platformdirs-4.2.2-py3-none-any.whl", hash = "sha256:2d7a1657e36a80ea911db832a8a6ece5ee53d8de21edd5cc5879af6530b1bfee", size = 18146 },
]

[[package]]
name = "pluggy"
version = "1.5.0"
source = { registry = "https://pypi.org/simple" }
sdist = { url = "https://files.pythonhosted.org/packages/96/2d/02d4312c973c6050a18b314a5ad0b3210edb65a906f868e31c111dede4a6/pluggy-1.5.0.tar.gz", hash = "sha256:2cffa88e94fdc978c4c574f15f9e59b7f4201d439195c3715ca9e2486f1d0cf1", size = 67955 }
wheels = [
    { url = "https://files.pythonhosted.org/packages/88/5f/e351af9a41f866ac3f1fac4ca0613908d9a41741cfcf2228f4ad853b697d/pluggy-1.5.0-py3-none-any.whl", hash = "sha256:44e1ad92c8ca002de6377e165f3e0f1be63266ab4d554740532335b9d75ea669", size = 20556 },
]

[[package]]
name = "pre-commit"
version = "3.5.0"
source = { registry = "https://pypi.org/simple" }
dependencies = [
    { name = "cfgv" },
    { name = "identify" },
    { name = "nodeenv" },
    { name = "pyyaml" },
    { name = "virtualenv" },
]
sdist = { url = "https://files.pythonhosted.org/packages/04/b3/4ae08d21eb097162f5aad37f4585f8069a86402ed7f5362cc9ae097f9572/pre_commit-3.5.0.tar.gz", hash = "sha256:5804465c675b659b0862f07907f96295d490822a450c4c40e747d0b1c6ebcb32", size = 177079 }
wheels = [
    { url = "https://files.pythonhosted.org/packages/6c/75/526915fedf462e05eeb1c75ceaf7e3f9cde7b5ce6f62740fe5f7f19a0050/pre_commit-3.5.0-py2.py3-none-any.whl", hash = "sha256:841dc9aef25daba9a0238cd27984041fa0467b4199fc4852e27950664919f660", size = 203698 },
]

[[package]]
name = "pycodestyle"
version = "2.12.0"
source = { registry = "https://pypi.org/simple" }
sdist = { url = "https://files.pythonhosted.org/packages/10/56/52d8283e1a1c85695291040192776931782831e21117c84311cbdd63f70c/pycodestyle-2.12.0.tar.gz", hash = "sha256:442f950141b4f43df752dd303511ffded3a04c2b6fb7f65980574f0c31e6e79c", size = 39055 }
wheels = [
    { url = "https://files.pythonhosted.org/packages/55/c4/bf8ede2d1641e0a2e027c6d0c7060e00332851ea772cc5cee42a4a207707/pycodestyle-2.12.0-py2.py3-none-any.whl", hash = "sha256:949a39f6b86c3e1515ba1787c2022131d165a8ad271b11370a8819aa070269e4", size = 31221 },
]

[[package]]
name = "pyflakes"
version = "3.2.0"
source = { registry = "https://pypi.org/simple" }
sdist = { url = "https://files.pythonhosted.org/packages/57/f9/669d8c9c86613c9d568757c7f5824bd3197d7b1c6c27553bc5618a27cce2/pyflakes-3.2.0.tar.gz", hash = "sha256:1c61603ff154621fb2a9172037d84dca3500def8c8b630657d1701f026f8af3f", size = 63788 }
wheels = [
    { url = "https://files.pythonhosted.org/packages/d4/d7/f1b7db88d8e4417c5d47adad627a93547f44bdc9028372dbd2313f34a855/pyflakes-3.2.0-py2.py3-none-any.whl", hash = "sha256:84b5be138a2dfbb40689ca07e2152deb896a65c3a3e24c251c5c62489568074a", size = 62725 },
]

[[package]]
name = "pytest"
version = "8.3.4"
source = { registry = "https://pypi.org/simple" }
dependencies = [
    { name = "colorama", marker = "sys_platform == 'win32'" },
    { name = "exceptiongroup", marker = "python_full_version < '3.11'" },
    { name = "iniconfig" },
    { name = "packaging" },
    { name = "pluggy" },
    { name = "tomli", marker = "python_full_version < '3.11'" },
]
sdist = { url = "https://files.pythonhosted.org/packages/05/35/30e0d83068951d90a01852cb1cef56e5d8a09d20c7f511634cc2f7e0372a/pytest-8.3.4.tar.gz", hash = "sha256:965370d062bce11e73868e0335abac31b4d3de0e82f4007408d242b4f8610761", size = 1445919 }
wheels = [
    { url = "https://files.pythonhosted.org/packages/11/92/76a1c94d3afee238333bc0a42b82935dd8f9cf8ce9e336ff87ee14d9e1cf/pytest-8.3.4-py3-none-any.whl", hash = "sha256:50e16d954148559c9a74109af1eaf0c945ba2d8f30f0a3d3335edde19788b6f6", size = 343083 },
]

[[package]]
name = "pytest-cov"
version = "5.0.0"
source = { registry = "https://pypi.org/simple" }
dependencies = [
    { name = "coverage", extra = ["toml"] },
    { name = "pytest" },
]
sdist = { url = "https://files.pythonhosted.org/packages/74/67/00efc8d11b630c56f15f4ad9c7f9223f1e5ec275aaae3fa9118c6a223ad2/pytest-cov-5.0.0.tar.gz", hash = "sha256:5837b58e9f6ebd335b0f8060eecce69b662415b16dc503883a02f45dfeb14857", size = 63042 }
wheels = [
    { url = "https://files.pythonhosted.org/packages/78/3a/af5b4fa5961d9a1e6237b530eb87dd04aea6eb83da09d2a4073d81b54ccf/pytest_cov-5.0.0-py3-none-any.whl", hash = "sha256:4f0764a1219df53214206bf1feea4633c3b558a2925c8b59f144f682861ce652", size = 21990 },
]

[[package]]
name = "python-dotenv"
version = "1.0.1"
source = { registry = "https://pypi.org/simple" }
sdist = { url = "https://files.pythonhosted.org/packages/bc/57/e84d88dfe0aec03b7a2d4327012c1627ab5f03652216c63d49846d7a6c58/python-dotenv-1.0.1.tar.gz", hash = "sha256:e324ee90a023d808f1959c46bcbc04446a10ced277783dc6ee09987c37ec10ca", size = 39115 }
wheels = [
    { url = "https://files.pythonhosted.org/packages/6a/3e/b68c118422ec867fa7ab88444e1274aa40681c606d59ac27de5a5588f082/python_dotenv-1.0.1-py3-none-any.whl", hash = "sha256:f7b63ef50f1b690dddf550d03497b66d609393b40b564ed0d674909a68ebf16a", size = 19863 },
]

[[package]]
name = "pyyaml"
version = "6.0.1"
source = { registry = "https://pypi.org/simple" }
sdist = { url = "https://files.pythonhosted.org/packages/cd/e5/af35f7ea75cf72f2cd079c95ee16797de7cd71f29ea7c68ae5ce7be1eda0/PyYAML-6.0.1.tar.gz", hash = "sha256:bfdf460b1736c775f2ba9f6a92bca30bc2095067b8a9d77876d1fad6cc3b4a43", size = 125201 }
wheels = [
    { url = "https://files.pythonhosted.org/packages/96/06/4beb652c0fe16834032e54f0956443d4cc797fe645527acee59e7deaa0a2/PyYAML-6.0.1-cp310-cp310-macosx_10_9_x86_64.whl", hash = "sha256:d858aa552c999bc8a8d57426ed01e40bef403cd8ccdd0fc5f6f04a00414cac2a", size = 189447 },
    { url = "https://files.pythonhosted.org/packages/5b/07/10033a403b23405a8fc48975444463d3d10a5c2736b7eb2550b07b367429/PyYAML-6.0.1-cp310-cp310-macosx_11_0_arm64.whl", hash = "sha256:fd66fc5d0da6d9815ba2cebeb4205f95818ff4b79c3ebe268e75d961704af52f", size = 169264 },
    { url = "https://files.pythonhosted.org/packages/f1/26/55e4f21db1f72eaef092015d9017c11510e7e6301c62a6cfee91295d13c6/PyYAML-6.0.1-cp310-cp310-manylinux_2_17_aarch64.manylinux2014_aarch64.whl", hash = "sha256:69b023b2b4daa7548bcfbd4aa3da05b3a74b772db9e23b982788168117739938", size = 677003 },
    { url = "https://files.pythonhosted.org/packages/ba/91/090818dfa62e85181f3ae23dd1e8b7ea7f09684864a900cab72d29c57346/PyYAML-6.0.1-cp310-cp310-manylinux_2_17_s390x.manylinux2014_s390x.whl", hash = "sha256:81e0b275a9ecc9c0c0c07b4b90ba548307583c125f54d5b6946cfee6360c733d", size = 699070 },
    { url = "https://files.pythonhosted.org/packages/29/61/bf33c6c85c55bc45a29eee3195848ff2d518d84735eb0e2d8cb42e0d285e/PyYAML-6.0.1-cp310-cp310-manylinux_2_17_x86_64.manylinux2014_x86_64.whl", hash = "sha256:ba336e390cd8e4d1739f42dfe9bb83a3cc2e80f567d8805e11b46f4a943f5515", size = 705525 },
    { url = "https://files.pythonhosted.org/packages/07/91/45dfd0ef821a7f41d9d0136ea3608bb5b1653e42fd56a7970532cb5c003f/PyYAML-6.0.1-cp310-cp310-musllinux_1_1_x86_64.whl", hash = "sha256:326c013efe8048858a6d312ddd31d56e468118ad4cdeda36c719bf5bb6192290", size = 707514 },
    { url = "https://files.pythonhosted.org/packages/b6/a0/b6700da5d49e9fed49dc3243d3771b598dad07abb37cc32e524607f96adc/PyYAML-6.0.1-cp310-cp310-win32.whl", hash = "sha256:bd4af7373a854424dabd882decdc5579653d7868b8fb26dc7d0e99f823aa5924", size = 130488 },
    { url = "https://files.pythonhosted.org/packages/24/97/9b59b43431f98d01806b288532da38099cc6f2fea0f3d712e21e269c0279/PyYAML-6.0.1-cp310-cp310-win_amd64.whl", hash = "sha256:fd1592b3fdf65fff2ad0004b5e363300ef59ced41c2e6b3a99d4089fa8c5435d", size = 145338 },
    { url = "https://files.pythonhosted.org/packages/ec/0d/26fb23e8863e0aeaac0c64e03fd27367ad2ae3f3cccf3798ee98ce160368/PyYAML-6.0.1-cp311-cp311-macosx_10_9_x86_64.whl", hash = "sha256:6965a7bc3cf88e5a1c3bd2e0b5c22f8d677dc88a455344035f03399034eb3007", size = 187867 },
    { url = "https://files.pythonhosted.org/packages/28/09/55f715ddbf95a054b764b547f617e22f1d5e45d83905660e9a088078fe67/PyYAML-6.0.1-cp311-cp311-macosx_11_0_arm64.whl", hash = "sha256:f003ed9ad21d6a4713f0a9b5a7a0a79e08dd0f221aff4525a2be4c346ee60aab", size = 167530 },
    { url = "https://files.pythonhosted.org/packages/5e/94/7d5ee059dfb92ca9e62f4057dcdec9ac08a9e42679644854dc01177f8145/PyYAML-6.0.1-cp311-cp311-manylinux_2_17_aarch64.manylinux2014_aarch64.whl", hash = "sha256:42f8152b8dbc4fe7d96729ec2b99c7097d656dc1213a3229ca5383f973a5ed6d", size = 732244 },
    { url = "https://files.pythonhosted.org/packages/06/92/e0224aa6ebf9dc54a06a4609da37da40bb08d126f5535d81bff6b417b2ae/PyYAML-6.0.1-cp311-cp311-manylinux_2_17_s390x.manylinux2014_s390x.whl", hash = "sha256:062582fca9fabdd2c8b54a3ef1c978d786e0f6b3a1510e0ac93ef59e0ddae2bc", size = 752871 },
    { url = "https://files.pythonhosted.org/packages/7b/5e/efd033ab7199a0b2044dab3b9f7a4f6670e6a52c089de572e928d2873b06/PyYAML-6.0.1-cp311-cp311-manylinux_2_17_x86_64.manylinux2014_x86_64.whl", hash = "sha256:d2b04aac4d386b172d5b9692e2d2da8de7bfb6c387fa4f801fbf6fb2e6ba4673", size = 757729 },
    { url = "https://files.pythonhosted.org/packages/03/5c/c4671451b2f1d76ebe352c0945d4cd13500adb5d05f5a51ee296d80152f7/PyYAML-6.0.1-cp311-cp311-musllinux_1_1_x86_64.whl", hash = "sha256:e7d73685e87afe9f3b36c799222440d6cf362062f78be1013661b00c5c6f678b", size = 748528 },
    { url = "https://files.pythonhosted.org/packages/73/9c/766e78d1efc0d1fca637a6b62cea1b4510a7fb93617eb805223294fef681/PyYAML-6.0.1-cp311-cp311-win32.whl", hash = "sha256:1635fd110e8d85d55237ab316b5b011de701ea0f29d07611174a1b42f1444741", size = 130286 },
    { url = "https://files.pythonhosted.org/packages/b3/34/65bb4b2d7908044963ebf614fe0fdb080773fc7030d7e39c8d3eddcd4257/PyYAML-6.0.1-cp311-cp311-win_amd64.whl", hash = "sha256:bf07ee2fef7014951eeb99f56f39c9bb4af143d8aa3c21b1677805985307da34", size = 144699 },
    { url = "https://files.pythonhosted.org/packages/bc/06/1b305bf6aa704343be85444c9d011f626c763abb40c0edc1cad13bfd7f86/PyYAML-6.0.1-cp312-cp312-macosx_10_9_x86_64.whl", hash = "sha256:855fb52b0dc35af121542a76b9a84f8d1cd886ea97c84703eaa6d88e37a2ad28", size = 178692 },
    { url = "https://files.pythonhosted.org/packages/84/02/404de95ced348b73dd84f70e15a41843d817ff8c1744516bf78358f2ffd2/PyYAML-6.0.1-cp312-cp312-macosx_11_0_arm64.whl", hash = "sha256:40df9b996c2b73138957fe23a16a4f0ba614f4c0efce1e9406a184b6d07fa3a9", size = 165622 },
    { url = "https://files.pythonhosted.org/packages/c7/4c/4a2908632fc980da6d918b9de9c1d9d7d7e70b2672b1ad5166ed27841ef7/PyYAML-6.0.1-cp312-cp312-manylinux_2_17_aarch64.manylinux2014_aarch64.whl", hash = "sha256:a08c6f0fe150303c1c6b71ebcd7213c2858041a7e01975da3a99aed1e7a378ef", size = 696937 },
    { url = "https://files.pythonhosted.org/packages/b4/33/720548182ffa8344418126017aa1d4ab4aeec9a2275f04ce3f3573d8ace8/PyYAML-6.0.1-cp312-cp312-manylinux_2_17_x86_64.manylinux2014_x86_64.whl", hash = "sha256:6c22bec3fbe2524cde73d7ada88f6566758a8f7227bfbf93a408a9d86bcc12a0", size = 724969 },
    { url = "https://files.pythonhosted.org/packages/4f/78/77b40157b6cb5f2d3d31a3d9b2efd1ba3505371f76730d267e8b32cf4b7f/PyYAML-6.0.1-cp312-cp312-musllinux_1_1_x86_64.whl", hash = "sha256:8d4e9c88387b0f5c7d5f281e55304de64cf7f9c0021a3525bd3b1c542da3b0e4", size = 712604 },
    { url = "https://files.pythonhosted.org/packages/2e/97/3e0e089ee85e840f4b15bfa00e4e63d84a3691ababbfea92d6f820ea6f21/PyYAML-6.0.1-cp312-cp312-win32.whl", hash = "sha256:d483d2cdf104e7c9fa60c544d92981f12ad66a457afae824d146093b8c294c54", size = 126098 },
    { url = "https://files.pythonhosted.org/packages/2b/9f/fbade56564ad486809c27b322d0f7e6a89c01f6b4fe208402e90d4443a99/PyYAML-6.0.1-cp312-cp312-win_amd64.whl", hash = "sha256:0d3304d8c0adc42be59c5f8a4d9e3d7379e6955ad754aa9d6ab7a398b59dd1df", size = 138675 },
    { url = "https://files.pythonhosted.org/packages/7f/5d/2779ea035ba1e533c32ed4a249b4e0448f583ba10830b21a3cddafe11a4e/PyYAML-6.0.1-cp38-cp38-macosx_10_9_x86_64.whl", hash = "sha256:1d4c7e777c441b20e32f52bd377e0c409713e8bb1386e1099c2415f26e479595", size = 191734 },
    { url = "https://files.pythonhosted.org/packages/e1/a1/27bfac14b90adaaccf8c8289f441e9f76d94795ec1e7a8f134d9f2cb3d0b/PyYAML-6.0.1-cp38-cp38-manylinux_2_17_aarch64.manylinux2014_aarch64.whl", hash = "sha256:a0cd17c15d3bb3fa06978b4e8958dcdc6e0174ccea823003a106c7d4d7899ac5", size = 723767 },
    { url = "https://files.pythonhosted.org/packages/c1/39/47ed4d65beec9ce07267b014be85ed9c204fa373515355d3efa62d19d892/PyYAML-6.0.1-cp38-cp38-manylinux_2_17_s390x.manylinux2014_s390x.whl", hash = "sha256:28c119d996beec18c05208a8bd78cbe4007878c6dd15091efb73a30e90539696", size = 749067 },
    { url = "https://files.pythonhosted.org/packages/c8/6b/6600ac24725c7388255b2f5add93f91e58a5d7efaf4af244fdbcc11a541b/PyYAML-6.0.1-cp38-cp38-manylinux_2_17_x86_64.manylinux2014_x86_64.whl", hash = "sha256:7e07cbde391ba96ab58e532ff4803f79c4129397514e1413a7dc761ccd755735", size = 736569 },
    { url = "https://files.pythonhosted.org/packages/0d/46/62ae77677e532c0af6c81ddd6f3dbc16bdcc1208b077457354442d220bfb/PyYAML-6.0.1-cp38-cp38-musllinux_1_1_x86_64.whl", hash = "sha256:49a183be227561de579b4a36efbb21b3eab9651dd81b1858589f796549873dd6", size = 787738 },
    { url = "https://files.pythonhosted.org/packages/d6/6a/439d1a6f834b9a9db16332ce16c4a96dd0e3970b65fe08cbecd1711eeb77/PyYAML-6.0.1-cp38-cp38-win32.whl", hash = "sha256:184c5108a2aca3c5b3d3bf9395d50893a7ab82a38004c8f61c258d4428e80206", size = 139797 },
    { url = "https://files.pythonhosted.org/packages/29/0f/9782fa5b10152abf033aec56a601177ead85ee03b57781f2d9fced09eefc/PyYAML-6.0.1-cp38-cp38-win_amd64.whl", hash = "sha256:1e2722cc9fbb45d9b87631ac70924c11d3a401b2d7f410cc0e3bbf249f2dca62", size = 157350 },
    { url = "https://files.pythonhosted.org/packages/57/c5/5d09b66b41d549914802f482a2118d925d876dc2a35b2d127694c1345c34/PyYAML-6.0.1-cp39-cp39-macosx_10_9_x86_64.whl", hash = "sha256:9eb6caa9a297fc2c2fb8862bc5370d0303ddba53ba97e71f08023b6cd73d16a8", size = 197846 },
    { url = "https://files.pythonhosted.org/packages/0e/88/21b2f16cb2123c1e9375f2c93486e35fdc86e63f02e274f0e99c589ef153/PyYAML-6.0.1-cp39-cp39-macosx_11_0_arm64.whl", hash = "sha256:c8098ddcc2a85b61647b2590f825f3db38891662cfc2fc776415143f599bb859", size = 174396 },
    { url = "https://files.pythonhosted.org/packages/ac/6c/967d91a8edf98d2b2b01d149bd9e51b8f9fb527c98d80ebb60c6b21d60c4/PyYAML-6.0.1-cp39-cp39-manylinux_2_17_aarch64.manylinux2014_aarch64.whl", hash = "sha256:5773183b6446b2c99bb77e77595dd486303b4faab2b086e7b17bc6bef28865f6", size = 731824 },
    { url = "https://files.pythonhosted.org/packages/4a/4b/c71ef18ef83c82f99e6da8332910692af78ea32bd1d1d76c9787dfa36aea/PyYAML-6.0.1-cp39-cp39-manylinux_2_17_s390x.manylinux2014_s390x.whl", hash = "sha256:b786eecbdf8499b9ca1d697215862083bd6d2a99965554781d0d8d1ad31e13a0", size = 754777 },
    { url = "https://files.pythonhosted.org/packages/7d/39/472f2554a0f1e825bd7c5afc11c817cd7a2f3657460f7159f691fbb37c51/PyYAML-6.0.1-cp39-cp39-manylinux_2_17_x86_64.manylinux2014_x86_64.whl", hash = "sha256:bc1bf2925a1ecd43da378f4db9e4f799775d6367bdb94671027b73b393a7c42c", size = 738883 },
    { url = "https://files.pythonhosted.org/packages/40/da/a175a35cf5583580e90ac3e2a3dbca90e43011593ae62ce63f79d7b28d92/PyYAML-6.0.1-cp39-cp39-musllinux_1_1_x86_64.whl", hash = "sha256:04ac92ad1925b2cff1db0cfebffb6ffc43457495c9b3c39d3fcae417d7125dc5", size = 750294 },
    { url = "https://files.pythonhosted.org/packages/24/62/7fcc372442ec8ea331da18c24b13710e010c5073ab851ef36bf9dacb283f/PyYAML-6.0.1-cp39-cp39-win32.whl", hash = "sha256:faca3bdcf85b2fc05d06ff3fbc1f83e1391b3e724afa3feba7d13eeab355484c", size = 136936 },
    { url = "https://files.pythonhosted.org/packages/84/4d/82704d1ab9290b03da94e6425f5e87396b999fd7eb8e08f3a92c158402bf/PyYAML-6.0.1-cp39-cp39-win_amd64.whl", hash = "sha256:510c9deebc5c0225e8c96813043e62b680ba2f9c50a08d3724c7f28a747d1486", size = 152751 },
]

[[package]]
name = "ruff"
version = "0.9.5"
source = { registry = "https://pypi.org/simple" }
sdist = { url = "https://files.pythonhosted.org/packages/02/74/6c359f6b9ed85b88df6ef31febce18faeb852f6c9855651dfb1184a46845/ruff-0.9.5.tar.gz", hash = "sha256:11aecd7a633932875ab3cb05a484c99970b9d52606ce9ea912b690b02653d56c", size = 3634177 }
wheels = [
    { url = "https://files.pythonhosted.org/packages/17/4b/82b7c9ac874e72b82b19fd7eab57d122e2df44d2478d90825854f9232d02/ruff-0.9.5-py3-none-linux_armv6l.whl", hash = "sha256:d466d2abc05f39018d53f681fa1c0ffe9570e6d73cde1b65d23bb557c846f442", size = 11681264 },
    { url = "https://files.pythonhosted.org/packages/27/5c/f5ae0a9564e04108c132e1139d60491c0abc621397fe79a50b3dc0bd704b/ruff-0.9.5-py3-none-macosx_10_12_x86_64.whl", hash = "sha256:38840dbcef63948657fa7605ca363194d2fe8c26ce8f9ae12eee7f098c85ac8a", size = 11657554 },
    { url = "https://files.pythonhosted.org/packages/2a/83/c6926fa3ccb97cdb3c438bb56a490b395770c750bf59f9bc1fe57ae88264/ruff-0.9.5-py3-none-macosx_11_0_arm64.whl", hash = "sha256:d56ba06da53536b575fbd2b56517f6f95774ff7be0f62c80b9e67430391eeb36", size = 11088959 },
    { url = "https://files.pythonhosted.org/packages/af/a7/42d1832b752fe969ffdbfcb1b4cb477cb271bed5835110fb0a16ef31ab81/ruff-0.9.5-py3-none-manylinux_2_17_aarch64.manylinux2014_aarch64.whl", hash = "sha256:4f7cb2a01da08244c50b20ccfaeb5972e4228c3c3a1989d3ece2bc4b1f996001", size = 11902041 },
    { url = "https://files.pythonhosted.org/packages/53/cf/1fffa09fb518d646f560ccfba59f91b23c731e461d6a4dedd21a393a1ff1/ruff-0.9.5-py3-none-manylinux_2_17_armv7l.manylinux2014_armv7l.whl", hash = "sha256:96d5c76358419bc63a671caac70c18732d4fd0341646ecd01641ddda5c39ca0b", size = 11421069 },
    { url = "https://files.pythonhosted.org/packages/09/27/bb8f1b7304e2a9431f631ae7eadc35550fe0cf620a2a6a0fc4aa3d736f94/ruff-0.9.5-py3-none-manylinux_2_17_i686.manylinux2014_i686.whl", hash = "sha256:deb8304636ed394211f3a6d46c0e7d9535b016f53adaa8340139859b2359a070", size = 12625095 },
    { url = "https://files.pythonhosted.org/packages/d7/ce/ab00bc9d3df35a5f1b64f5117458160a009f93ae5caf65894ebb63a1842d/ruff-0.9.5-py3-none-manylinux_2_17_ppc64.manylinux2014_ppc64.whl", hash = "sha256:df455000bf59e62b3e8c7ba5ed88a4a2bc64896f900f311dc23ff2dc38156440", size = 13257797 },
    { url = "https://files.pythonhosted.org/packages/88/81/c639a082ae6d8392bc52256058ec60f493c6a4d06d5505bccface3767e61/ruff-0.9.5-py3-none-manylinux_2_17_ppc64le.manylinux2014_ppc64le.whl", hash = "sha256:de92170dfa50c32a2b8206a647949590e752aca8100a0f6b8cefa02ae29dce80", size = 12763793 },
    { url = "https://files.pythonhosted.org/packages/b3/d0/0a3d8f56d1e49af466dc770eeec5c125977ba9479af92e484b5b0251ce9c/ruff-0.9.5-py3-none-manylinux_2_17_s390x.manylinux2014_s390x.whl", hash = "sha256:3d28532d73b1f3f627ba88e1456f50748b37f3a345d2be76e4c653bec6c3e393", size = 14386234 },
    { url = "https://files.pythonhosted.org/packages/04/70/e59c192a3ad476355e7f45fb3a87326f5219cc7c472e6b040c6c6595c8f0/ruff-0.9.5-py3-none-manylinux_2_17_x86_64.manylinux2014_x86_64.whl", hash = "sha256:2c746d7d1df64f31d90503ece5cc34d7007c06751a7a3bbeee10e5f2463d52d2", size = 12437505 },
    { url = "https://files.pythonhosted.org/packages/55/4e/3abba60a259d79c391713e7a6ccabf7e2c96e5e0a19100bc4204f1a43a51/ruff-0.9.5-py3-none-musllinux_1_2_aarch64.whl", hash = "sha256:11417521d6f2d121fda376f0d2169fb529976c544d653d1d6044f4c5562516ee", size = 11884799 },
    { url = "https://files.pythonhosted.org/packages/a3/db/b0183a01a9f25b4efcae919c18fb41d32f985676c917008620ad692b9d5f/ruff-0.9.5-py3-none-musllinux_1_2_armv7l.whl", hash = "sha256:5b9d71c3879eb32de700f2f6fac3d46566f644a91d3130119a6378f9312a38e1", size = 11527411 },
    { url = "https://files.pythonhosted.org/packages/0a/e4/3ebfcebca3dff1559a74c6becff76e0b64689cea02b7aab15b8b32ea245d/ruff-0.9.5-py3-none-musllinux_1_2_i686.whl", hash = "sha256:2e36c61145e70febcb78483903c43444c6b9d40f6d2f800b5552fec6e4a7bb9a", size = 12078868 },
    { url = "https://files.pythonhosted.org/packages/ec/b2/5ab808833e06c0a1b0d046a51c06ec5687b73c78b116e8d77687dc0cd515/ruff-0.9.5-py3-none-musllinux_1_2_x86_64.whl", hash = "sha256:2f71d09aeba026c922aa7aa19a08d7bd27c867aedb2f74285a2639644c1c12f5", size = 12524374 },
    { url = "https://files.pythonhosted.org/packages/e0/51/1432afcc3b7aa6586c480142caae5323d59750925c3559688f2a9867343f/ruff-0.9.5-py3-none-win32.whl", hash = "sha256:134f958d52aa6fdec3b294b8ebe2320a950d10c041473c4316d2e7d7c2544723", size = 9853682 },
    { url = "https://files.pythonhosted.org/packages/b7/ad/c7a900591bd152bb47fc4882a27654ea55c7973e6d5d6396298ad3fd6638/ruff-0.9.5-py3-none-win_amd64.whl", hash = "sha256:78cc6067f6d80b6745b67498fb84e87d32c6fc34992b52bffefbdae3442967d6", size = 10865744 },
    { url = "https://files.pythonhosted.org/packages/75/d9/fde7610abd53c0c76b6af72fc679cb377b27c617ba704e25da834e0a0608/ruff-0.9.5-py3-none-win_arm64.whl", hash = "sha256:18a29f1a005bddb229e580795627d297dfa99f16b30c7039e73278cf6b5f9fa9", size = 10064595 },
]

[[package]]
name = "smmap"
version = "5.0.1"
source = { registry = "https://pypi.org/simple" }
sdist = { url = "https://files.pythonhosted.org/packages/88/04/b5bf6d21dc4041000ccba7eb17dd3055feb237e7ffc2c20d3fae3af62baa/smmap-5.0.1.tar.gz", hash = "sha256:dceeb6c0028fdb6734471eb07c0cd2aae706ccaecab45965ee83f11c8d3b1f62", size = 22291 }
wheels = [
    { url = "https://files.pythonhosted.org/packages/a7/a5/10f97f73544edcdef54409f1d839f6049a0d79df68adbc1ceb24d1aaca42/smmap-5.0.1-py3-none-any.whl", hash = "sha256:e6d8668fa5f93e706934a62d7b4db19c8d9eb8cf2adbb75ef1b675aa332b69da", size = 24282 },
]

[[package]]
name = "toml"
version = "0.10.2"
source = { registry = "https://pypi.org/simple" }
sdist = { url = "https://files.pythonhosted.org/packages/be/ba/1f744cdc819428fc6b5084ec34d9b30660f6f9daaf70eead706e3203ec3c/toml-0.10.2.tar.gz", hash = "sha256:b3bda1d108d5dd99f4a20d24d9c348e91c4db7ab1b749200bded2f839ccbe68f", size = 22253 }
wheels = [
    { url = "https://files.pythonhosted.org/packages/44/6f/7120676b6d73228c96e17f1f794d8ab046fc910d781c8d151120c3f1569e/toml-0.10.2-py2.py3-none-any.whl", hash = "sha256:806143ae5bfb6a3c6e736a764057db0e6a0e05e338b5630894a5f779cabb4f9b", size = 16588 },
]

[[package]]
name = "tomli"
version = "2.0.1"
source = { registry = "https://pypi.org/simple" }
sdist = { url = "https://files.pythonhosted.org/packages/c0/3f/d7af728f075fb08564c5949a9c95e44352e23dee646869fa104a3b2060a3/tomli-2.0.1.tar.gz", hash = "sha256:de526c12914f0c550d15924c62d72abc48d6fe7364aa87328337a31007fe8a4f", size = 15164 }
wheels = [
    { url = "https://files.pythonhosted.org/packages/97/75/10a9ebee3fd790d20926a90a2547f0bf78f371b2f13aa822c759680ca7b9/tomli-2.0.1-py3-none-any.whl", hash = "sha256:939de3e7a6161af0c887ef91b7d41a53e7c5a1ca976325f429cb46ea9bc30ecc", size = 12757 },
]

[[package]]
name = "virtualenv"
version = "20.26.3"
source = { registry = "https://pypi.org/simple" }
dependencies = [
    { name = "distlib" },
    { name = "filelock" },
    { name = "platformdirs" },
]
sdist = { url = "https://files.pythonhosted.org/packages/68/60/db9f95e6ad456f1872486769c55628c7901fb4de5a72c2f7bdd912abf0c1/virtualenv-20.26.3.tar.gz", hash = "sha256:4c43a2a236279d9ea36a0d76f98d84bd6ca94ac4e0f4a3b9d46d05e10fea542a", size = 9057588 }
wheels = [
    { url = "https://files.pythonhosted.org/packages/07/4d/410156100224c5e2f0011d435e477b57aed9576fc7fe137abcf14ec16e11/virtualenv-20.26.3-py3-none-any.whl", hash = "sha256:8cc4a31139e796e9a7de2cd5cf2489de1217193116a8fd42328f1bd65f434589", size = 5684792 },
]
